
Microsoft Visual Studio Solution File, Format Version 12.00
# Visual Studio Version 17
VisualStudioVersion = 17.9.34902.65
MinimumVisualStudioVersion = 10.0.40219.1
Project("{FAE04EC0-301F-11D3-BF4B-00C04F79EFBC}") = "GeneticAlgorithm", "GeneticAlgorithm.csproj", "{980456A8-36E3-44D0-BE96-A7E65E933B57}"
EndProject
Global
	GlobalSection(SolutionConfigurationPlatforms) = preSolution
		Debug|Any CPU = Debug|Any CPU
		Release|Any CPU = Release|Any CPU
	EndGlobalSection
	GlobalSection(ProjectConfigurationPlatforms) = postSolution
		{980456A8-36E3-44D0-BE96-A7E65E933B57}.Debug|Any CPU.ActiveCfg = Debug|Any CPU
		{980456A8-36E3-44D0-BE96-A7E65E933B57}.Debug|Any CPU.Build.0 = Debug|Any CPU
		{980456A8-36E3-44D0-BE96-A7E65E933B57}.Release|Any CPU.ActiveCfg = Release|Any CPU
		{980456A8-36E3-44D0-BE96-A7E65E933B57}.Release|Any CPU.Build.0 = Release|Any CPU
	EndGlobalSection
	GlobalSection(SolutionProperties) = preSolution
		HideSolutionNode = FALSE
	EndGlobalSection
	GlobalSection(ExtensibilityGlobals) = postSolution
		SolutionGuid = {4D625219-3515-4F8D-82AB-77F4FB7C670A}
	EndGlobalSection
EndGlobal
